
Microsoft Visual Studio Solution File, Format Version 11.00
# Visual Studio 2010
Project("{FAE04EC0-301F-11D3-BF4B-00C04F79EFBC}") = "SimpleWebTransport", "SimpleWebTransport.csproj", "{81522B58-9039-9A7E-34FC-6666FDC57FA5}"
EndProject
Project("{FAE04EC0-301F-11D3-BF4B-00C04F79EFBC}") = "Mirror", "Mirror.csproj", "{A17C2DDB-7ECC-8612-BED0-EFA05A41B38B}"
EndProject
Project("{FAE04EC0-301F-11D3-BF4B-00C04F79EFBC}") = "Assembly-CSharp", "Assembly-CSharp.csproj", "{54CBEDA7-5079-8584-D6AA-53E4CFEEDC5C}"
EndProject
Project("{FAE04EC0-301F-11D3-BF4B-00C04F79EFBC}") = "Mirror.Components", "Mirror.Components.csproj", "{D7015718-C53E-B81E-3CD5-D84C627874C1}"
EndProject
Project("{FAE04EC0-301F-11D3-BF4B-00C04F79EFBC}") = "Telepathy", "Telepathy.csproj", "{F849399F-447E-482E-A81A-08402D7CE467}"
EndProject
Project("{FAE04EC0-301F-11D3-BF4B-00C04F79EFBC}") = "kcp2k", "kcp2k.csproj", "{20ACF1E4-7061-B1B4-FECE-495C5B17D3DF}"
EndProject
Project("{FAE04EC0-301F-11D3-BF4B-00C04F79EFBC}") = "Mirror.Tests.Common", "Mirror.Tests.Common.csproj", "{B5C13A1E-D8EF-FDB7-4C93-D32E7139A6F8}"
EndProject
Project("{FAE04EC0-301F-11D3-BF4B-00C04F79EFBC}") = "where-allocations", "where-allocations.csproj", "{2BF55451-92FA-E562-EFFE-AC0BAD64FC40}"
EndProject
Project("{FAE04EC0-301F-11D3-BF4B-00C04F79EFBC}") = "Mirror.Tests.Runtime", "Mirror.Tests.Runtime.csproj", "{4573145E-1083-8B90-F0B2-CCA418E8EEDE}"
EndProject
Project("{FAE04EC0-301F-11D3-BF4B-00C04F79EFBC}") = "Mirror.Authenticators", "Mirror.Authenticators.csproj", "{66D296DF-19AC-B378-63D7-B282EDE520DF}"
EndProject
Project("{FAE04EC0-301F-11D3-BF4B-00C04F79EFBC}") = "Unity.Mirror.CodeGen", "Unity.Mirror.CodeGen.csproj", "{3B13B0DD-6573-03A9-4240-CB5238AAD423}"
EndProject
Project("{FAE04EC0-301F-11D3-BF4B-00C04F79EFBC}") = "Mirror.Tests", "Mirror.Tests.csproj", "{9DA455F8-A7B4-AB6F-EA05-574C94228395}"
EndProject
Project("{FAE04EC0-301F-11D3-BF4B-00C04F79EFBC}") = "ParrelSync", "ParrelSync.csproj", "{19F373CC-09D2-0567-3EC4-DE796DADC678}"
EndProject
Project("{FAE04EC0-301F-11D3-BF4B-00C04F79EFBC}") = "WeaverTestExtraAssembly", "WeaverTestExtraAssembly.csproj", "{7BC13583-CF47-60CD-BF0B-6B04F5A49F55}"
EndProject
Project("{FAE04EC0-301F-11D3-BF4B-00C04F79EFBC}") = "Mirror.Editor", "Mirror.Editor.csproj", "{1AF080E0-382D-3A6D-0D0F-A2E711AACCB8}"
EndProject
Project("{FAE04EC0-301F-11D3-BF4B-00C04F79EFBC}") = "Mirror.CompilerSymbols", "Mirror.CompilerSymbols.csproj", "{F0031694-258D-F4DB-8E73-1613A384DF2A}"
EndProject
Global
	GlobalSection(SolutionConfigurationPlatforms) = preSolution
		Debug|Any CPU = Debug|Any CPU
		Release|Any CPU = Release|Any CPU
	EndGlobalSection
	GlobalSection(ProjectConfigurationPlatforms) = postSolution
		{81522B58-9039-9A7E-34FC-6666FDC57FA5}.Debug|Any CPU.ActiveCfg = Debug|Any CPU
		{81522B58-9039-9A7E-34FC-6666FDC57FA5}.Debug|Any CPU.Build.0 = Debug|Any CPU
		{81522B58-9039-9A7E-34FC-6666FDC57FA5}.Release|Any CPU.ActiveCfg = Release|Any CPU
		{81522B58-9039-9A7E-34FC-6666FDC57FA5}.Release|Any CPU.Build.0 = Release|Any CPU
		{A17C2DDB-7ECC-8612-BED0-EFA05A41B38B}.Debug|Any CPU.ActiveCfg = Debug|Any CPU
		{A17C2DDB-7ECC-8612-BED0-EFA05A41B38B}.Debug|Any CPU.Build.0 = Debug|Any CPU
		{A17C2DDB-7ECC-8612-BED0-EFA05A41B38B}.Release|Any CPU.ActiveCfg = Release|Any CPU
		{A17C2DDB-7ECC-8612-BED0-EFA05A41B38B}.Release|Any CPU.Build.0 = Release|Any CPU
		{54CBEDA7-5079-8584-D6AA-53E4CFEEDC5C}.Debug|Any CPU.ActiveCfg = Debug|Any CPU
		{54CBEDA7-5079-8584-D6AA-53E4CFEEDC5C}.Debug|Any CPU.Build.0 = Debug|Any CPU
		{54CBEDA7-5079-8584-D6AA-53E4CFEEDC5C}.Release|Any CPU.ActiveCfg = Release|Any CPU
		{54CBEDA7-5079-8584-D6AA-53E4CFEEDC5C}.Release|Any CPU.Build.0 = Release|Any CPU
		{D7015718-C53E-B81E-3CD5-D84C627874C1}.Debug|Any CPU.ActiveCfg = Debug|Any CPU
		{D7015718-C53E-B81E-3CD5-D84C627874C1}.Debug|Any CPU.Build.0 = Debug|Any CPU
		{D7015718-C53E-B81E-3CD5-D84C627874C1}.Release|Any CPU.ActiveCfg = Release|Any CPU
		{D7015718-C53E-B81E-3CD5-D84C627874C1}.Release|Any CPU.Build.0 = Release|Any CPU
		{F849399F-447E-482E-A81A-08402D7CE467}.Debug|Any CPU.ActiveCfg = Debug|Any CPU
		{F849399F-447E-482E-A81A-08402D7CE467}.Debug|Any CPU.Build.0 = Debug|Any CPU
		{F849399F-447E-482E-A81A-08402D7CE467}.Release|Any CPU.ActiveCfg = Release|Any CPU
		{F849399F-447E-482E-A81A-08402D7CE467}.Release|Any CPU.Build.0 = Release|Any CPU
		{20ACF1E4-7061-B1B4-FECE-495C5B17D3DF}.Debug|Any CPU.ActiveCfg = Debug|Any CPU
		{20ACF1E4-7061-B1B4-FECE-495C5B17D3DF}.Debug|Any CPU.Build.0 = Debug|Any CPU
		{20ACF1E4-7061-B1B4-FECE-495C5B17D3DF}.Release|Any CPU.ActiveCfg = Release|Any CPU
		{20ACF1E4-7061-B1B4-FECE-495C5B17D3DF}.Release|Any CPU.Build.0 = Release|Any CPU
		{B5C13A1E-D8EF-FDB7-4C93-D32E7139A6F8}.Debug|Any CPU.ActiveCfg = Debug|Any CPU
		{B5C13A1E-D8EF-FDB7-4C93-D32E7139A6F8}.Debug|Any CPU.Build.0 = Debug|Any CPU
		{B5C13A1E-D8EF-FDB7-4C93-D32E7139A6F8}.Release|Any CPU.ActiveCfg = Release|Any CPU
		{B5C13A1E-D8EF-FDB7-4C93-D32E7139A6F8}.Release|Any CPU.Build.0 = Release|Any CPU
		{2BF55451-92FA-E562-EFFE-AC0BAD64FC40}.Debug|Any CPU.ActiveCfg = Debug|Any CPU
		{2BF55451-92FA-E562-EFFE-AC0BAD64FC40}.Debug|Any CPU.Build.0 = Debug|Any CPU
		{2BF55451-92FA-E562-EFFE-AC0BAD64FC40}.Release|Any CPU.ActiveCfg = Release|Any CPU
		{2BF55451-92FA-E562-EFFE-AC0BAD64FC40}.Release|Any CPU.Build.0 = Release|Any CPU
		{4573145E-1083-8B90-F0B2-CCA418E8EEDE}.Debug|Any CPU.ActiveCfg = Debug|Any CPU
		{4573145E-1083-8B90-F0B2-CCA418E8EEDE}.Debug|Any CPU.Build.0 = Debug|Any CPU
		{4573145E-1083-8B90-F0B2-CCA418E8EEDE}.Release|Any CPU.ActiveCfg = Release|Any CPU
		{4573145E-1083-8B90-F0B2-CCA418E8EEDE}.Release|Any CPU.Build.0 = Release|Any CPU
		{66D296DF-19AC-B378-63D7-B282EDE520DF}.Debug|Any CPU.ActiveCfg = Debug|Any CPU
		{66D296DF-19AC-B378-63D7-B282EDE520DF}.Debug|Any CPU.Build.0 = Debug|Any CPU
		{66D296DF-19AC-B378-63D7-B282EDE520DF}.Release|Any CPU.ActiveCfg = Release|Any CPU
		{66D296DF-19AC-B378-63D7-B282EDE520DF}.Release|Any CPU.Build.0 = Release|Any CPU
		{3B13B0DD-6573-03A9-4240-CB5238AAD423}.Debug|Any CPU.ActiveCfg = Debug|Any CPU
		{3B13B0DD-6573-03A9-4240-CB5238AAD423}.Debug|Any CPU.Build.0 = Debug|Any CPU
		{3B13B0DD-6573-03A9-4240-CB5238AAD423}.Release|Any CPU.ActiveCfg = Release|Any CPU
		{3B13B0DD-6573-03A9-4240-CB5238AAD423}.Release|Any CPU.Build.0 = Release|Any CPU
		{9DA455F8-A7B4-AB6F-EA05-574C94228395}.Debug|Any CPU.ActiveCfg = Debug|Any CPU
		{9DA455F8-A7B4-AB6F-EA05-574C94228395}.Debug|Any CPU.Build.0 = Debug|Any CPU
		{9DA455F8-A7B4-AB6F-EA05-574C94228395}.Release|Any CPU.ActiveCfg = Release|Any CPU
		{9DA455F8-A7B4-AB6F-EA05-574C94228395}.Release|Any CPU.Build.0 = Release|Any CPU
		{19F373CC-09D2-0567-3EC4-DE796DADC678}.Debug|Any CPU.ActiveCfg = Debug|Any CPU
		{19F373CC-09D2-0567-3EC4-DE796DADC678}.Debug|Any CPU.Build.0 = Debug|Any CPU
		{19F373CC-09D2-0567-3EC4-DE796DADC678}.Release|Any CPU.ActiveCfg = Release|Any CPU
		{19F373CC-09D2-0567-3EC4-DE796DADC678}.Release|Any CPU.Build.0 = Release|Any CPU
		{7BC13583-CF47-60CD-BF0B-6B04F5A49F55}.Debug|Any CPU.ActiveCfg = Debug|Any CPU
		{7BC13583-CF47-60CD-BF0B-6B04F5A49F55}.Debug|Any CPU.Build.0 = Debug|Any CPU
		{7BC13583-CF47-60CD-BF0B-6B04F5A49F55}.Release|Any CPU.ActiveCfg = Release|Any CPU
		{7BC13583-CF47-60CD-BF0B-6B04F5A49F55}.Release|Any CPU.Build.0 = Release|Any CPU
		{1AF080E0-382D-3A6D-0D0F-A2E711AACCB8}.Debug|Any CPU.ActiveCfg = Debug|Any CPU
		{1AF080E0-382D-3A6D-0D0F-A2E711AACCB8}.Debug|Any CPU.Build.0 = Debug|Any CPU
		{1AF080E0-382D-3A6D-0D0F-A2E711AACCB8}.Release|Any CPU.ActiveCfg = Release|Any CPU
		{1AF080E0-382D-3A6D-0D0F-A2E711AACCB8}.Release|Any CPU.Build.0 = Release|Any CPU
		{F0031694-258D-F4DB-8E73-1613A384DF2A}.Debug|Any CPU.ActiveCfg = Debug|Any CPU
		{F0031694-258D-F4DB-8E73-1613A384DF2A}.Debug|Any CPU.Build.0 = Debug|Any CPU
		{F0031694-258D-F4DB-8E73-1613A384DF2A}.Release|Any CPU.ActiveCfg = Release|Any CPU
		{F0031694-258D-F4DB-8E73-1613A384DF2A}.Release|Any CPU.Build.0 = Release|Any CPU
	EndGlobalSection
	GlobalSection(SolutionProperties) = preSolution
		HideSolutionNode = FALSE
	EndGlobalSection
EndGlobal
